// !$*UTF8*$!
{
	archiveVersion = 1;
	classes = {
	};
	objectVersion = 46;
	objects = {

/* Begin PBXBuildFile section */
		3D169C461ACAC289006B220A /* AppDelegate.swift in Sources */ = {isa = PBXBuildFile; fileRef = 3D169C451ACAC289006B220A /* AppDelegate.swift */; };
		3D169C481ACAC289006B220A /* ViewController.swift in Sources */ = {isa = PBXBuildFile; fileRef = 3D169C471ACAC289006B220A /* ViewController.swift */; };
		3D169C4B1ACAC289006B220A /* Main.storyboard in Resources */ = {isa = PBXBuildFile; fileRef = 3D169C491ACAC289006B220A /* Main.storyboard */; };
		3D169C4D1ACAC289006B220A /* Images.xcassets in Resources */ = {isa = PBXBuildFile; fileRef = 3D169C4C1ACAC289006B220A /* Images.xcassets */; };
		3D169C501ACAC289006B220A /* LaunchScreen.xib in Resources */ = {isa = PBXBuildFile; fileRef = 3D169C4E1ACAC289006B220A /* LaunchScreen.xib */; };
		3D169C5C1ACAC289006B220A /* ShoeConverterTests.swift in Sources */ = {isa = PBXBuildFile; fileRef = 3D169C5B1ACAC289006B220A /* ShoeConverterTests.swift */; };
/* End PBXBuildFile section */

/* Begin PBXContainerItemProxy section */
		3D169C561ACAC289006B220A /* PBXContainerItemProxy */ = {
			isa = PBXContainerItemProxy;
			containerPortal = 3D169C381ACAC289006B220A /* Project object */;
			proxyType = 1;
			remoteGlobalIDString = 3D169C3F1ACAC289006B220A;
			remoteInfo = ShoeConverter;
		};
/* End PBXContainerItemProxy section */

/* Begin PBXFileReference section */
		3D169C401ACAC289006B220A /* ShoeConverter.app */ = {isa = PBXFileReference; explicitFileType = wrapper.application; includeInIndex = 0; path = ShoeConverter.app; sourceTree = BUILT_PRODUCTS_DIR; };
		3D169C441ACAC289006B220A /* Info.plist */ = {isa = PBXFileReference; lastKnownFileType = text.plist.xml; path = Info.plist; sourceTree = "<group>"; };
		3D169C451ACAC289006B220A /* AppDelegate.swift */ = {isa = PBXFileReference; lastKnownFileType = sourcecode.swift; path = AppDelegate.swift; sourceTree = "<group>"; };
		3D169C471ACAC289006B220A /* ViewController.swift */ = {isa = PBXFileReference; lastKnownFileType = sourcecode.swift; path = ViewController.swift; sourceTree = "<group>"; };
		3D169C4A1ACAC289006B220A /* Base */ = {isa = PBXFileReference; lastKnownFileType = file.storyboard; name = Base; path = Base.lproj/Main.storyboard; sourceTree = "<group>"; };
		3D169C4C1ACAC289006B220A /* Images.xcassets */ = {isa = PBXFileReference; lastKnownFileType = folder.assetcatalog; path = Images.xcassets; sourceTree = "<group>"; };
		3D169C4F1ACAC289006B220A /* Base */ = {isa = PBXFileReference; lastKnownFileType = file.xib; name = Base; path = Base.lproj/LaunchScreen.xib; sourceTree = "<group>"; };
		3D169C551ACAC289006B220A /* ShoeConverterTests.xctest */ = {isa = PBXFileReference; explicitFileType = wrapper.cfbundle; includeInIndex = 0; path = ShoeConverterTests.xctest; sourceTree = BUILT_PRODUCTS_DIR; };
		3D169C5A1ACAC289006B220A /* Info.plist */ = {isa = PBXFileReference; lastKnownFileType = text.plist.xml; path = Info.plist; sourceTree = "<group>"; };
		3D169C5B1ACAC289006B220A /* ShoeConverterTests.swift */ = {isa = PBXFileReference; lastKnownFileType = sourcecode.swift; path = ShoeConverterTests.swift; sourceTree = "<group>"; };
/* End PBXFileReference section */

/* Begin PBXFrameworksBuildPhase section */
		3D169C3D1ACAC289006B220A /* Frameworks */ = {
			isa = PBXFrameworksBuildPhase;
			buildActionMask = 2147483647;
			files = (
			);
			runOnlyForDeploymentPostprocessing = 0;
		};
		3D169C521ACAC289006B220A /* Frameworks */ = {
			isa = PBXFrameworksBuildPhase;
			buildActionMask = 2147483647;
			files = (
			);
			runOnlyForDeploymentPostprocessing = 0;
		};
/* End PBXFrameworksBuildPhase section */

/* Begin PBXGroup section */
		3D169C371ACAC288006B220A = {
			isa = PBXGroup;
			children = (
				3D169C421ACAC289006B220A /* ShoeConverter */,
				3D169C581ACAC289006B220A /* ShoeConverterTests */,
				3D169C411ACAC289006B220A /* Products */,
			);
			sourceTree = "<group>";
		};
		3D169C411ACAC289006B220A /* Products */ = {
			isa = PBXGroup;
			children = (
				3D169C401ACAC289006B220A /* ShoeConverter.app */,
				3D169C551ACAC289006B220A /* ShoeConverterTests.xctest */,
			);
			name = Products;
			sourceTree = "<group>";
		};
		3D169C421ACAC289006B220A /* ShoeConverter */ = {
			isa = PBXGroup;
			children = (
				3D169C451ACAC289006B220A /* AppDelegate.swift */,
				3D169C471ACAC289006B220A /* ViewController.swift */,
				3D169C491ACAC289006B220A /* Main.storyboard */,
				3D169C4C1ACAC289006B220A /* Images.xcassets */,
				3D169C4E1ACAC289006B220A /* LaunchScreen.xib */,
				3D169C431ACAC289006B220A /* Supporting Files */,
			);
			path = ShoeConverter;
			sourceTree = "<group>";
		};
		3D169C431ACAC289006B220A /* Supporting Files */ = {
			isa = PBXGroup;
			children = (
				3D169C441ACAC289006B220A /* Info.plist */,
			);
			name = "Supporting Files";
			sourceTree = "<group>";
		};
		3D169C581ACAC289006B220A /* ShoeConverterTests */ = {
			isa = PBXGroup;
			children = (
				3D169C5B1ACAC289006B220A /* ShoeConverterTests.swift */,
				3D169C591ACAC289006B220A /* Supporting Files */,
			);
			path = ShoeConverterTests;
			sourceTree = "<group>";
		};
		3D169C591ACAC289006B220A /* Supporting Files */ = {
			isa = PBXGroup;
			children = (
				3D169C5A1ACAC289006B220A /* Info.plist */,
			);
			name = "Supporting Files";
			sourceTree = "<group>";
		};
/* End PBXGroup section */

/* Begin PBXNativeTarget section */
		3D169C3F1ACAC289006B220A /* ShoeConverter */ = {
			isa = PBXNativeTarget;
			buildConfigurationList = 3D169C5F1ACAC28A006B220A /* Build configuration list for PBXNativeTarget "ShoeConverter" */;
			buildPhases = (
				3D169C3C1ACAC289006B220A /* Sources */,
				3D169C3D1ACAC289006B220A /* Frameworks */,
				3D169C3E1ACAC289006B220A /* Resources */,
			);
			buildRules = (
			);
			dependencies = (
			);
			name = ShoeConverter;
			productName = ShoeConverter;
			productReference = 3D169C401ACAC289006B220A /* ShoeConverter.app */;
			productType = "com.apple.product-type.application";
		};
		3D169C541ACAC289006B220A /* ShoeConverterTests */ = {
			isa = PBXNativeTarget;
			buildConfigurationList = 3D169C621ACAC28A006B220A /* Build configuration list for PBXNativeTarget "ShoeConverterTests" */;
			buildPhases = (
				3D169C511ACAC289006B220A /* Sources */,
				3D169C521ACAC289006B220A /* Frameworks */,
				3D169C531ACAC289006B220A /* Resources */,
			);
			buildRules = (
			);
			dependencies = (
				3D169C571ACAC289006B220A /* PBXTargetDependency */,
			);
			name = ShoeConverterTests;
			productName = ShoeConverterTests;
			productReference = 3D169C551ACAC289006B220A /* ShoeConverterTests.xctest */;
			productType = "com.apple.product-type.bundle.unit-test";
		};
/* End PBXNativeTarget section */

/* Begin PBXProject section */
		3D169C381ACAC289006B220A /* Project object */ = {
			isa = PBXProject;
			attributes = {
				LastUpgradeCheck = 0620;
				ORGANIZATIONNAME = "DSP-Partners";
				TargetAttributes = {
					3D169C3F1ACAC289006B220A = {
						CreatedOnToolsVersion = 6.2;
					};
					3D169C541ACAC289006B220A = {
						CreatedOnToolsVersion = 6.2;
						TestTargetID = 3D169C3F1ACAC289006B220A;
					};
				};
			};
			buildConfigurationList = 3D169C3B1ACAC289006B220A /* Build configuration list for PBXProject "ShoeConverter" */;
			compatibilityVersion = "Xcode 3.2";
			developmentRegion = English;
			hasScannedForEncodings = 0;
			knownRegions = (
				en,
				Base,
			);
			mainGroup = 3D169C371ACAC288006B220A;
			productRefGroup = 3D169C411ACAC289006B220A /* Products */;
			projectDirPath = "";
			projectRoot = "";
			targets = (
				3D169C3F1ACAC289006B220A /* ShoeConverter */,
				3D169C541ACAC289006B220A /* ShoeConverterTests */,
			);
		};
/* End PBXProject section */

/* Begin PBXResourcesBuildPhase section */
		3D169C3E1ACAC289006B220A /* Resources */ = {
			isa = PBXResourcesBuildPhase;
			buildActionMask = 2147483647;
			files = (
				3D169C4B1ACAC289006B220A /* Main.storyboard in Resources */,
				3D169C501ACAC289006B220A /* LaunchScreen.xib in Resources */,
				3D169C4D1ACAC289006B220A /* Images.xcassets in Resources */,
			);
			runOnlyForDeploymentPostprocessing = 0;
		};
		3D169C531ACAC289006B220A /* Resources */ = {
			isa = PBXResourcesBuildPhase;
			buildActionMask = 2147483647;
			files = (
			);
			runOnlyForDeploymentPostprocessing = 0;
		};
/* End PBXResourcesBuildPhase section */

/* Begin PBXSourcesBuildPhase section */
		3D169C3C1ACAC289006B220A /* Sources */ = {
			isa = PBXSourcesBuildPhase;
			buildActionMask = 2147483647;
			files = (
				3D169C481ACAC289006B220A /* ViewController.swift in Sources */,
				3D169C461ACAC289006B220A /* AppDelegate.swift in Sources */,
			);
			runOnlyForDeploymentPostprocessing = 0;
		};
		3D169C511ACAC289006B220A /* Sources */ = {
			isa = PBXSourcesBuildPhase;
			buildActionMask = 2147483647;
			files = (
				3D169C5C1ACAC289006B220A /* ShoeConverterTests.swift in Sources */,
			);
			runOnlyForDeploymentPostprocessing = 0;
		};
/* End PBXSourcesBuildPhase section */

/* Begin PBXTargetDependency section */
		3D169C571ACAC289006B220A /* PBXTargetDependency */ = {
			isa = PBXTargetDependency;
			target = 3D169C3F1ACAC289006B220A /* ShoeConverter */;
			targetProxy = 3D169C561ACAC289006B220A /* PBXContainerItemProxy */;
		};
/* End PBXTargetDependency section */

/* Begin PBXVariantGroup section */
		3D169C491ACAC289006B220A /* Main.storyboard */ = {
			isa = PBXVariantGroup;
			children = (
				3D169C4A1ACAC289006B220A /* Base */,
			);
			name = Main.storyboard;
			sourceTree = "<group>";
		};
		3D169C4E1ACAC289006B220A /* LaunchScreen.xib */ = {
			isa = PBXVariantGroup;
			children = (
				3D169C4F1ACAC289006B220A /* Base */,
			);
			name = LaunchScreen.xib;
			sourceTree = "<group>";
		};
/* End PBXVariantGroup section */

/* Begin XCBuildConfiguration section */
		3D169C5D1ACAC28A006B220A /* Debug */ = {
			isa = XCBuildConfiguration;
			buildSettings = {
				ALWAYS_SEARCH_USER_PATHS = NO;
				CLANG_CXX_LANGUAGE_STANDARD = "gnu++0x";
				CLANG_CXX_LIBRARY = "libc++";
				CLANG_ENABLE_MODULES = YES;
				CLANG_ENABLE_OBJC_ARC = YES;
				CLANG_WARN_BOOL_CONVERSION = YES;
				CLANG_WARN_CONSTANT_CONVERSION = YES;
				CLANG_WARN_DIRECT_OBJC_ISA_USAGE = YES_ERROR;
				CLANG_WARN_EMPTY_BODY = YES;
				CLANG_WARN_ENUM_CONVERSION = YES;
				CLANG_WARN_INT_CONVERSION = YES;
				CLANG_WARN_OBJC_ROOT_CLASS = YES_ERROR;
				CLANG_WARN_UNREACHABLE_CODE = YES;
				CLANG_WARN__DUPLICATE_METHOD_MATCH = YES;
				"CODE_SIGN_IDENTITY[sdk=iphoneos*]" = "iPhone Developer";
				COPY_PHASE_STRIP = NO;
				ENABLE_STRICT_OBJC_MSGSEND = YES;
				GCC_C_LANGUAGE_STANDARD = gnu99;
				GCC_DYNAMIC_NO_PIC = NO;
				GCC_OPTIMIZATION_LEVEL = 0;
				GCC_PREPROCESSOR_DEFINITIONS = (
					"DEBUG=1",
					"$(inherited)",
				);
				GCC_SYMBOLS_PRIVATE_EXTERN = NO;
				GCC_WARN_64_TO_32_BIT_CONVERSION = YES;
				GCC_WARN_ABOUT_RETURN_TYPE = YES_ERROR;
				GCC_WARN_UNDECLARED_SELECTOR = YES;
				GCC_WARN_UNINITIALIZED_AUTOS = YES_AGGRESSIVE;
				GCC_WARN_UNUSED_FUNCTION = YES;
				GCC_WARN_UNUSED_VARIABLE = YES;
				IPHONEOS_DEPLOYMENT_TARGET = 8.2;
				MTL_ENABLE_DEBUG_INFO = YES;
				ONLY_ACTIVE_ARCH = YES;
				SDKROOT = iphoneos;
				SWIFT_OPTIMIZATION_LEVEL = "-Onone";
				TARGETED_DEVICE_FAMILY = "1,2";
			};
			name = Debug;
		};
		3D169C5E1ACAC28A006B220A /* Release */ = {
			isa = XCBuildConfiguration;
			buildSettings = {
				ALWAYS_SEARCH_USER_PATHS = NO;
				CLANG_CXX_LANGUAGE_STANDARD = "gnu++0x";
				CLANG_CXX_LIBRARY = "libc++";
				CLANG_ENABLE_MODULES = YES;
				CLANG_ENABLE_OBJC_ARC = YES;
				CLANG_WARN_BOOL_CONVERSION = YES;
				CLANG_WARN_CONSTANT_CONVERSION = YES;
				CLANG_WARN_DIRECT_OBJC_ISA_USAGE = YES_ERROR;
				CLANG_WARN_EMPTY_BODY = YES;
				CLANG_WARN_ENUM_CONVERSION = YES;
				CLANG_WARN_INT_CONVERSION = YES;
				CLANG_WARN_OBJC_ROOT_CLASS = YES_ERROR;
				CLANG_WARN_UNREACHABLE_CODE = YES;
				CLANG_WARN__DUPLICATE_METHOD_MATCH = YES;
				"CODE_SIGN_IDENTITY[sdk=iphoneos*]" = "iPhone Developer";
				COPY_PHASE_STRIP = NO;
				ENABLE_NS_ASSERTIONS = NO;
				ENABLE_STRICT_OBJC_MSGSEND = YES;
				GCC_C_LANGUAGE_STANDARD = gnu99;
				GCC_WARN_64_TO_32_BIT_CONVERSION = YES;
				GCC_WARN_ABOUT_RETURN_TYPE = YES_ERROR;
				GCC_WARN_UNDECLARED_SELECTOR = YES;
				GCC_WARN_UNINITIALIZED_AUTOS = YES_AGGRESSIVE;
				GCC_WARN_UNUSED_FUNCTION = YES;
				GCC_WARN_UNUSED_VARIABLE = YES;
				IPHONEOS_DEPLOYMENT_TARGET = 8.2;
				MTL_ENABLE_DEBUG_INFO = NO;
				SDKROOT = iphoneos;
				TARGETED_DEVICE_FAMILY = "1,2";
				VALIDATE_PRODUCT = YES;
			};
			name = Release;
		};
		3D169C601ACAC28A006B220A /* Debug */ = {
			isa = XCBuildConfiguration;
			buildSettings = {
				ASSETCATALOG_COMPILER_APPICON_NAME = AppIcon;
				INFOPLIST_FILE = ShoeConverter/Info.plist;
				LD_RUNPATH_SEARCH_PATHS = "$(inherited) @executable_path/Frameworks";
				PRODUCT_NAME = "$(TARGET_NAME)";
			};
			name = Debug;
		};
		3D169C611ACAC28A006B220A /* Release */ = {
			isa = XCBuildConfiguration;
			buildSettings = {
				ASSETCATALOG_COMPILER_APPICON_NAME = AppIcon;
				INFOPLIST_FILE = ShoeConverter/Info.plist;
				LD_RUNPATH_SEARCH_PATHS = "$(inherited) @executable_path/Frameworks";
				PRODUCT_NAME = "$(TARGET_NAME)";
			};
			name = Release;
		};
		3D169C631ACAC28A006B220A /* Debug */ = {
			isa = XCBuildConfiguration;
			buildSettings = {
				BUNDLE_LOADER = "$(TEST_HOST)";
				FRAMEWORK_SEARCH_PATHS = (
					"$(SDKROOT)/Developer/Library/Frameworks",
					"$(inherited)",
				);
				GCC_PREPROCESSOR_DEFINITIONS = (
					"DEBUG=1",
					"$(inherited)",
				);
				INFOPLIST_FILE = ShoeConverterTests/Info.plist;
				LD_RUNPATH_SEARCH_PATHS = "$(inherited) @executable_path/Frameworks @loader_path/Frameworks";
				PRODUCT_NAME = "$(TARGET_NAME)";
				TEST_HOST = "$(BUILT_PRODUCTS_DIR)/ShoeConverter.app/ShoeConverter";
			};
			name = Debug;
		};
		3D169C641ACAC28A006B220A /* Release */ = {
			isa = XCBuildConfiguration;
			buildSettings = {
				BUNDLE_LOADER = "$(TEST_HOST)";
				FRAMEWORK_SEARCH_PATHS = (
					"$(SDKROOT)/Developer/Library/Frameworks",
					"$(inherited)",
				);
				INFOPLIST_FILE = ShoeConverterTests/Info.plist;
				LD_RUNPATH_SEARCH_PATHS = "$(inherited) @executable_path/Frameworks @loader_path/Frameworks";
				PRODUCT_NAME = "$(TARGET_NAME)";
				TEST_HOST = "$(BUILT_PRODUCTS_DIR)/ShoeConverter.app/ShoeConverter";
			};
			name = Release;
		};
/* End XCBuildConfiguration section */

/* Begin XCConfigurationList section */
		3D169C3B1ACAC289006B220A /* Build configuration list for PBXProject "ShoeConverter" */ = {
			isa = XCConfigurationList;
			buildConfigurations = (
				3D169C5D1ACAC28A006B220A /* Debug */,
				3D169C5E1ACAC28A006B220A /* Release */,
			);
			defaultConfigurationIsVisible = 0;
			defaultConfigurationName = Release;
		};
		3D169C5F1ACAC28A006B220A /* Build configuration list for PBXNativeTarget "ShoeConverter" */ = {
			isa = XCConfigurationList;
			buildConfigurations = (
				3D169C601ACAC28A006B220A /* Debug */,
				3D169C611ACAC28A006B220A /* Release */,
			);
			defaultConfigurationIsVisible = 0;
		};
		3D169C621ACAC28A006B220A /* Build configuration list for PBXNativeTarget "ShoeConverterTests" */ = {
			isa = XCConfigurationList;
			buildConfigurations = (
				3D169C631ACAC28A006B220A /* Debug */,
				3D169C641ACAC28A006B220A /* Release */,
			);
			defaultConfigurationIsVisible = 0;
		};
/* End XCConfigurationList section */
	};
	rootObject = 3D169C381ACAC289006B220A /* Project object */;
}
